// !$*UTF8*$!
{
	archiveVersion = 1;
	classes = {
	};
	objectVersion = 77;
	objects = {

/* Begin PBXBuildFile section */
		552EC2B12FB1C5AE008888E0 /* BottleMeasureView.swift in Sources */ = {isa = PBXBuildFile; fileRef = 552EC29E2FB1C5AE008888E0 /* BottleMeasureView.swift */; };
		552EC2B22FB1C5AE008888E0 /* ToastView.swift in Sources */ = {isa = PBXBuildFile; fileRef = 552EC2A82FB1C5AE008888E0 /* ToastView.swift */; };
		552EC2B32FB1C5AE008888E0 /* MeasurePageView.swift in Sources */ = {isa = PBXBuildFile; fileRef = 552EC2A02FB1C5AE008888E0 /* MeasurePageView.swift */; };
		552EC2B42FB1C5AE008888E0 /* FishStruct.swift in Sources */ = {isa = PBXBuildFile; fileRef = 552EC2982FB1C5AE008888E0 /* FishStruct.swift */; };
		552EC2B52FB1C5AE008888E0 /* ToastViewModel.swift in Sources */ = {isa = PBXBuildFile; fileRef = 552EC2AF2FB1C5AE008888E0 /* ToastViewModel.swift */; };
		552EC2B62FB1C5AE008888E0 /* DataRowView.swift in Sources */ = {isa = PBXBuildFile; fileRef = 552EC29B2FB1C5AE008888E0 /* DataRowView.swift */; };
		552EC2B72FB1C5AE008888E0 /* FishItemViewModel.swift in Sources */ = {isa = PBXBuildFile; fileRef = 552EC2AB2FB1C5AE008888E0 /* FishItemViewModel.swift */; };
		552EC2B82FB1C5AE008888E0 /* HomeView.swift in Sources */ = {isa = PBXBuildFile; fileRef = 552EC2A62FB1C5AE008888E0 /* HomeView.swift */; };
		552EC2B92FB1C5AE008888E0 /* RootView.swift in Sources */ = {isa = PBXBuildFile; fileRef = 552EC2A72FB1C5AE008888E0 /* RootView.swift */; };
		552EC2BA2FB1C5AE008888E0 /* BoxView.swift in Sources */ = {isa = PBXBuildFile; fileRef = 552EC2A42FB1C5AE008888E0 /* BoxView.swift */; };
		55F100012FB2000000000000 /* ExibitionView.swift in Sources */ = {isa = PBXBuildFile; fileRef = 55F100042FB2000000000000 /* ExibitionView.swift */; };
		55F100022FB2000000000000 /* FishNode.swift in Sources */ = {isa = PBXBuildFile; fileRef = 55F100052FB2000000000000 /* FishNode.swift */; };
		552EC2BB2FB1C5AE008888E0 /* CameraView.swift in Sources */ = {isa = PBXBuildFile; fileRef = 552EC29F2FB1C5AE008888E0 /* CameraView.swift */; };
		552EC2BC2FB1C5AE008888E0 /* PlayerModel.swift in Sources */ = {isa = PBXBuildFile; fileRef = 552EC2992FB1C5AE008888E0 /* PlayerModel.swift */; };
		552EC2BD2FB1C5AE008888E0 /* CameraViewController.swift in Sources */ = {isa = PBXBuildFile; fileRef = 552EC2AA2FB1C5AE008888E0 /* CameraViewController.swift */; };
		552EC2BE2FB1C5AE008888E0 /* FishModel.swift in Sources */ = {isa = PBXBuildFile; fileRef = 552EC2972FB1C5AE008888E0 /* FishModel.swift */; };
		552EC2BF2FB1C5AE008888E0 /* MeasureView.swift in Sources */ = {isa = PBXBuildFile; fileRef = 552EC2A12FB1C5AE008888E0 /* MeasureView.swift */; };
		552EC2C02FB1C5AE008888E0 /* MeasureViewModel.swift in Sources */ = {isa = PBXBuildFile; fileRef = 552EC2AD2FB1C5AE008888E0 /* MeasureViewModel.swift */; };
		552EC2C12FB1C5AE008888E0 /* FishViewModel.swift in Sources */ = {isa = PBXBuildFile; fileRef = 552EC2AC2FB1C5AE008888E0 /* FishViewModel.swift */; };
		552EC2C22FB1C5AE008888E0 /* DataView.swift in Sources */ = {isa = PBXBuildFile; fileRef = 552EC29C2FB1C5AE008888E0 /* DataView.swift */; };
		552EC2C32FB1C5AE008888E0 /* PlasticMeasureView.swift in Sources */ = {isa = PBXBuildFile; fileRef = 552EC2A22FB1C5AE008888E0 /* PlasticMeasureView.swift */; };
		552EC2C42FB1C5AE008888E0 /* PlayerViewModel.swift in Sources */ = {isa = PBXBuildFile; fileRef = 552EC2AE2FB1C5AE008888E0 /* PlayerViewModel.swift */; };
		552EC2C52FB1C5AE008888E0 /* ContentView.swift in Sources */ = {isa = PBXBuildFile; fileRef = 552EC2A52FB1C5AE008888E0 /* ContentView.swift */; };
		55F200012FB3000000000000 /* BannerView.swift in Sources */ = {isa = PBXBuildFile; fileRef = 55F200032FB3000000000000 /* BannerView.swift */; };
		55F200022FB3000000000000 /* BannerViewModel.swift in Sources */ = {isa = PBXBuildFile; fileRef = 55F200042FB3000000000000 /* BannerViewModel.swift */; };
/* End PBXBuildFile section */

/* Begin PBXContainerItemProxy section */
		559B4E692F9F47D500895BD0 /* PBXContainerItemProxy */ = {
			isa = PBXContainerItemProxy;
			containerPortal = 559B4E532F9F47D300895BD0 /* Project object */;
			proxyType = 1;
			remoteGlobalIDString = 559B4E5A2F9F47D300895BD0;
			remoteInfo = Plastic;
		};
		559B4E732F9F47D500895BD0 /* PBXContainerItemProxy */ = {
			isa = PBXContainerItemProxy;
			containerPortal = 559B4E532F9F47D300895BD0 /* Project object */;
			proxyType = 1;
			remoteGlobalIDString = 559B4E5A2F9F47D300895BD0;
			remoteInfo = Plastic;
		};
/* End PBXContainerItemProxy section */

/* Begin PBXFileReference section */
		552EC2972FB1C5AE008888E0 /* FishModel.swift */ = {isa = PBXFileReference; lastKnownFileType = sourcecode.swift; path = FishModel.swift; sourceTree = "<group>"; };
		552EC2982FB1C5AE008888E0 /* FishStruct.swift */ = {isa = PBXFileReference; lastKnownFileType = sourcecode.swift; path = FishStruct.swift; sourceTree = "<group>"; };
		552EC2992FB1C5AE008888E0 /* PlayerModel.swift */ = {isa = PBXFileReference; lastKnownFileType = sourcecode.swift; path = PlayerModel.swift; sourceTree = "<group>"; };
		552EC29B2FB1C5AE008888E0 /* DataRowView.swift */ = {isa = PBXFileReference; lastKnownFileType = sourcecode.swift; path = DataRowView.swift; sourceTree = "<group>"; };
		552EC29C2FB1C5AE008888E0 /* DataView.swift */ = {isa = PBXFileReference; lastKnownFileType = sourcecode.swift; path = DataView.swift; sourceTree = "<group>"; };
		552EC29E2FB1C5AE008888E0 /* BottleMeasureView.swift */ = {isa = PBXFileReference; lastKnownFileType = sourcecode.swift; path = BottleMeasureView.swift; sourceTree = "<group>"; };
		552EC29F2FB1C5AE008888E0 /* CameraView.swift */ = {isa = PBXFileReference; lastKnownFileType = sourcecode.swift; path = CameraView.swift; sourceTree = "<group>"; };
		552EC2A02FB1C5AE008888E0 /* MeasurePageView.swift */ = {isa = PBXFileReference; lastKnownFileType = sourcecode.swift; path = MeasurePageView.swift; sourceTree = "<group>"; };
		552EC2A12FB1C5AE008888E0 /* MeasureView.swift */ = {isa = PBXFileReference; lastKnownFileType = sourcecode.swift; path = MeasureView.swift; sourceTree = "<group>"; };
		552EC2A22FB1C5AE008888E0 /* PlasticMeasureView.swift */ = {isa = PBXFileReference; lastKnownFileType = sourcecode.swift; path = PlasticMeasureView.swift; sourceTree = "<group>"; };
		552EC2A42FB1C5AE008888E0 /* BoxView.swift */ = {isa = PBXFileReference; lastKnownFileType = sourcecode.swift; path = BoxView.swift; sourceTree = "<group>"; };
		552EC2A52FB1C5AE008888E0 /* ContentView.swift */ = {isa = PBXFileReference; lastKnownFileType = sourcecode.swift; path = ContentView.swift; sourceTree = "<group>"; };
		552EC2A62FB1C5AE008888E0 /* HomeView.swift */ = {isa = PBXFileReference; lastKnownFileType = sourcecode.swift; path = HomeView.swift; sourceTree = "<group>"; };
		552EC2A72FB1C5AE008888E0 /* RootView.swift */ = {isa = PBXFileReference; lastKnownFileType = sourcecode.swift; path = RootView.swift; sourceTree = "<group>"; };
		552EC2A82FB1C5AE008888E0 /* ToastView.swift */ = {isa = PBXFileReference; lastKnownFileType = sourcecode.swift; path = ToastView.swift; sourceTree = "<group>"; };
		55F100042FB2000000000000 /* ExibitionView.swift */ = {isa = PBXFileReference; lastKnownFileType = sourcecode.swift; path = ExibitionView.swift; sourceTree = "<group>"; };
		55F100052FB2000000000000 /* FishNode.swift */ = {isa = PBXFileReference; lastKnownFileType = sourcecode.swift; path = FishNode.swift; sourceTree = "<group>"; };
		552EC2AA2FB1C5AE008888E0 /* CameraViewController.swift */ = {isa = PBXFileReference; lastKnownFileType = sourcecode.swift; path = CameraViewController.swift; sourceTree = "<group>"; };
		552EC2AB2FB1C5AE008888E0 /* FishItemViewModel.swift */ = {isa = PBXFileReference; lastKnownFileType = sourcecode.swift; path = FishItemViewModel.swift; sourceTree = "<group>"; };
		552EC2AC2FB1C5AE008888E0 /* FishViewModel.swift */ = {isa = PBXFileReference; lastKnownFileType = sourcecode.swift; path = FishViewModel.swift; sourceTree = "<group>"; };
		552EC2AD2FB1C5AE008888E0 /* MeasureViewModel.swift */ = {isa = PBXFileReference; lastKnownFileType = sourcecode.swift; path = MeasureViewModel.swift; sourceTree = "<group>"; };
		552EC2AE2FB1C5AE008888E0 /* PlayerViewModel.swift */ = {isa = PBXFileReference; lastKnownFileType = sourcecode.swift; path = PlayerViewModel.swift; sourceTree = "<group>"; };
		552EC2AF2FB1C5AE008888E0 /* ToastViewModel.swift */ = {isa = PBXFileReference; lastKnownFileType = sourcecode.swift; path = ToastViewModel.swift; sourceTree = "<group>"; };
		55F200032FB3000000000000 /* BannerView.swift */ = {isa = PBXFileReference; lastKnownFileType = sourcecode.swift; path = BannerView.swift; sourceTree = "<group>"; };
		55F200042FB3000000000000 /* BannerViewModel.swift */ = {isa = PBXFileReference; lastKnownFileType = sourcecode.swift; path = BannerViewModel.swift; sourceTree = "<group>"; };
		559B4E5B2F9F47D300895BD0 /* Plastic.app */ = {isa = PBXFileReference; explicitFileType = wrapper.application; includeInIndex = 0; path = Plastic.app; sourceTree = BUILT_PRODUCTS_DIR; };
		559B4E682F9F47D500895BD0 /* PlasticTests.xctest */ = {isa = PBXFileReference; explicitFileType = wrapper.cfbundle; includeInIndex = 0; path = PlasticTests.xctest; sourceTree = BUILT_PRODUCTS_DIR; };
		559B4E722F9F47D500895BD0 /* PlasticUITests.xctest */ = {isa = PBXFileReference; explicitFileType = wrapper.cfbundle; includeInIndex = 0; path = PlasticUITests.xctest; sourceTree = BUILT_PRODUCTS_DIR; };
/* End PBXFileReference section */

/* Begin PBXFileSystemSynchronizedRootGroup section */
		559B4E5D2F9F47D300895BD0 /* Plastic */ = {
			isa = PBXFileSystemSynchronizedRootGroup;
			path = Plastic;
			sourceTree = "<group>";
		};
		559B4E6B2F9F47D500895BD0 /* PlasticTests */ = {
			isa = PBXFileSystemSynchronizedRootGroup;
			path = PlasticTests;
			sourceTree = "<group>";
		};
		559B4E752F9F47D500895BD0 /* PlasticUITests */ = {
			isa = PBXFileSystemSynchronizedRootGroup;
			path = PlasticUITests;
			sourceTree = "<group>";
		};
/* End PBXFileSystemSynchronizedRootGroup section */

/* Begin PBXFrameworksBuildPhase section */
		559B4E582F9F47D300895BD0 /* Frameworks */ = {
			isa = PBXFrameworksBuildPhase;
			buildActionMask = 2147483647;
			files = (
			);
			runOnlyForDeploymentPostprocessing = 0;
		};
		559B4E652F9F47D500895BD0 /* Frameworks */ = {
			isa = PBXFrameworksBuildPhase;
			buildActionMask = 2147483647;
			files = (
			);
			runOnlyForDeploymentPostprocessing = 0;
		};
		559B4E6F2F9F47D500895BD0 /* Frameworks */ = {
			isa = PBXFrameworksBuildPhase;
			buildActionMask = 2147483647;
			files = (
			);
			runOnlyForDeploymentPostprocessing = 0;
		};
/* End PBXFrameworksBuildPhase section */

/* Begin PBXGroup section */
		552EC29A2FB1C5AE008888E0 /* Model */ = {
			isa = PBXGroup;
			children = (
				552EC2972FB1C5AE008888E0 /* FishModel.swift */,
				552EC2982FB1C5AE008888E0 /* FishStruct.swift */,
				552EC2992FB1C5AE008888E0 /* PlayerModel.swift */,
			);
			path = Model;
			sourceTree = "<group>";
		};
		552EC29D2FB1C5AE008888E0 /* Data */ = {
			isa = PBXGroup;
			children = (
				552EC29B2FB1C5AE008888E0 /* DataRowView.swift */,
				552EC29C2FB1C5AE008888E0 /* DataView.swift */,
			);
			path = Data;
			sourceTree = "<group>";
		};
		552EC2A32FB1C5AE008888E0 /* Measure */ = {
			isa = PBXGroup;
			children = (
				552EC29E2FB1C5AE008888E0 /* BottleMeasureView.swift */,
				552EC29F2FB1C5AE008888E0 /* CameraView.swift */,
				552EC2A02FB1C5AE008888E0 /* MeasurePageView.swift */,
				552EC2A12FB1C5AE008888E0 /* MeasureView.swift */,
				552EC2A22FB1C5AE008888E0 /* PlasticMeasureView.swift */,
			);
			path = Measure;
			sourceTree = "<group>";
		};
		55F100032FB2000000000000 /* Box */ = {
			isa = PBXGroup;
			children = (
				552EC2A42FB1C5AE008888E0 /* BoxView.swift */,
				55F100042FB2000000000000 /* ExibitionView.swift */,
				55F100052FB2000000000000 /* FishNode.swift */,
			);
			path = Box;
			sourceTree = "<group>";
		};
		552EC2A92FB1C5AE008888E0 /* View */ = {
			isa = PBXGroup;
			children = (
				55F100032FB2000000000000 /* Box */,
				552EC29D2FB1C5AE008888E0 /* Data */,
				552EC2A32FB1C5AE008888E0 /* Measure */,
				552EC2A52FB1C5AE008888E0 /* ContentView.swift */,
				552EC2A62FB1C5AE008888E0 /* HomeView.swift */,
				552EC2A72FB1C5AE008888E0 /* RootView.swift */,
				55F200032FB3000000000000 /* BannerView.swift */,
				552EC2A82FB1C5AE008888E0 /* ToastView.swift */,
			);
			path = View;
			sourceTree = "<group>";
		};
		552EC2B02FB1C5AE008888E0 /* ViewModel */ = {
			isa = PBXGroup;
			children = (
				552EC2AA2FB1C5AE008888E0 /* CameraViewController.swift */,
				552EC2AB2FB1C5AE008888E0 /* FishItemViewModel.swift */,
				552EC2AC2FB1C5AE008888E0 /* FishViewModel.swift */,
				552EC2AD2FB1C5AE008888E0 /* MeasureViewModel.swift */,
				552EC2AE2FB1C5AE008888E0 /* PlayerViewModel.swift */,
				55F200042FB3000000000000 /* BannerViewModel.swift */,
				552EC2AF2FB1C5AE008888E0 /* ToastViewModel.swift */,
			);
			path = ViewModel;
			sourceTree = "<group>";
		};
		559B4E522F9F47D300895BD0 = {
			isa = PBXGroup;
			children = (
				559B4E5D2F9F47D300895BD0 /* Plastic */,
				559B4E6B2F9F47D500895BD0 /* PlasticTests */,
				559B4E752F9F47D500895BD0 /* PlasticUITests */,
				559B4E5C2F9F47D300895BD0 /* Products */,
				552EC29A2FB1C5AE008888E0 /* Model */,
				552EC2A92FB1C5AE008888E0 /* View */,
				552EC2B02FB1C5AE008888E0 /* ViewModel */,
			);
			sourceTree = "<group>";
		};
		559B4E5C2F9F47D300895BD0 /* Products */ = {
			isa = PBXGroup;
			children = (
				559B4E5B2F9F47D300895BD0 /* Plastic.app */,
				559B4E682F9F47D500895BD0 /* PlasticTests.xctest */,
				559B4E722F9F47D500895BD0 /* PlasticUITests.xctest */,
			);
			name = Products;
			sourceTree = "<group>";
		};
/* End PBXGroup section */

/* Begin PBXNativeTarget section */
		559B4E5A2F9F47D300895BD0 /* Plastic */ = {
			isa = PBXNativeTarget;
			buildConfigurationList = 559B4E7C2F9F47D500895BD0 /* Build configuration list for PBXNativeTarget "Plastic" */;
			buildPhases = (
				559B4E572F9F47D300895BD0 /* Sources */,
				559B4E582F9F47D300895BD0 /* Frameworks */,
				559B4E592F9F47D300895BD0 /* Resources */,
			);
			buildRules = (
			);
			dependencies = (
			);
			fileSystemSynchronizedGroups = (
				559B4E5D2F9F47D300895BD0 /* Plastic */,
			);
			name = Plastic;
			packageProductDependencies = (
			);
			productName = Plastic;
			productReference = 559B4E5B2F9F47D300895BD0 /* Plastic.app */;
			productType = "com.apple.product-type.application";
		};
		559B4E672F9F47D500895BD0 /* PlasticTests */ = {
			isa = PBXNativeTarget;
			buildConfigurationList = 559B4E7F2F9F47D500895BD0 /* Build configuration list for PBXNativeTarget "PlasticTests" */;
			buildPhases = (
				559B4E642F9F47D500895BD0 /* Sources */,
				559B4E652F9F47D500895BD0 /* Frameworks */,
				559B4E662F9F47D500895BD0 /* Resources */,
			);
			buildRules = (
			);
			dependencies = (
				559B4E6A2F9F47D500895BD0 /* PBXTargetDependency */,
			);
			fileSystemSynchronizedGroups = (
				559B4E6B2F9F47D500895BD0 /* PlasticTests */,
			);
			name = PlasticTests;
			packageProductDependencies = (
			);
			productName = PlasticTests;
			productReference = 559B4E682F9F47D500895BD0 /* PlasticTests.xctest */;
			productType = "com.apple.product-type.bundle.unit-test";
		};
		559B4E712F9F47D500895BD0 /* PlasticUITests */ = {
			isa = PBXNativeTarget;
			buildConfigurationList = 559B4E822F9F47D500895BD0 /* Build configuration list for PBXNativeTarget "PlasticUITests" */;
			buildPhases = (
				559B4E6E2F9F47D500895BD0 /* Sources */,
				559B4E6F2F9F47D500895BD0 /* Frameworks */,
				559B4E702F9F47D500895BD0 /* Resources */,
			);
			buildRules = (
			);
			dependencies = (
				559B4E742F9F47D500895BD0 /* PBXTargetDependency */,
			);
			fileSystemSynchronizedGroups = (
				559B4E752F9F47D500895BD0 /* PlasticUITests */,
			);
			name = PlasticUITests;
			packageProductDependencies = (
			);
			productName = PlasticUITests;
			productReference = 559B4E722F9F47D500895BD0 /* PlasticUITests.xctest */;
			productType = "com.apple.product-type.bundle.ui-testing";
		};
/* End PBXNativeTarget section */

/* Begin PBXProject section */
		559B4E532F9F47D300895BD0 /* Project object */ = {
			isa = PBXProject;
			attributes = {
				BuildIndependentTargetsInParallel = 1;
				LastSwiftUpdateCheck = 2600;
				LastUpgradeCheck = 2600;
				TargetAttributes = {
					559B4E5A2F9F47D300895BD0 = {
						CreatedOnToolsVersion = 26.0.1;
					};
					559B4E672F9F47D500895BD0 = {
						CreatedOnToolsVersion = 26.0.1;
						TestTargetID = 559B4E5A2F9F47D300895BD0;
					};
					559B4E712F9F47D500895BD0 = {
						CreatedOnToolsVersion = 26.0.1;
						TestTargetID = 559B4E5A2F9F47D300895BD0;
					};
				};
			};
			buildConfigurationList = 559B4E562F9F47D300895BD0 /* Build configuration list for PBXProject "Plastic" */;
			developmentRegion = en;
			hasScannedForEncodings = 0;
			knownRegions = (
				en,
				Base,
			);
			mainGroup = 559B4E522F9F47D300895BD0;
			minimizedProjectReferenceProxies = 1;
			preferredProjectObjectVersion = 77;
			productRefGroup = 559B4E5C2F9F47D300895BD0 /* Products */;
			projectDirPath = "";
			projectRoot = "";
			targets = (
				559B4E5A2F9F47D300895BD0 /* Plastic */,
				559B4E672F9F47D500895BD0 /* PlasticTests */,
				559B4E712F9F47D500895BD0 /* PlasticUITests */,
			);
		};
/* End PBXProject section */

/* Begin PBXResourcesBuildPhase section */
		559B4E592F9F47D300895BD0 /* Resources */ = {
			isa = PBXResourcesBuildPhase;
			buildActionMask = 2147483647;
			files = (
			);
			runOnlyForDeploymentPostprocessing = 0;
		};
		559B4E662F9F47D500895BD0 /* Resources */ = {
			isa = PBXResourcesBuildPhase;
			buildActionMask = 2147483647;
			files = (
			);
			runOnlyForDeploymentPostprocessing = 0;
		};
		559B4E702F9F47D500895BD0 /* Resources */ = {
			isa = PBXResourcesBuildPhase;
			buildActionMask = 2147483647;
			files = (
			);
			runOnlyForDeploymentPostprocessing = 0;
		};
/* End PBXResourcesBuildPhase section */

/* Begin PBXSourcesBuildPhase section */
		559B4E572F9F47D300895BD0 /* Sources */ = {
			isa = PBXSourcesBuildPhase;
			buildActionMask = 2147483647;
			files = (
				552EC2B12FB1C5AE008888E0 /* BottleMeasureView.swift in Sources */,
				552EC2B22FB1C5AE008888E0 /* ToastView.swift in Sources */,
				552EC2B32FB1C5AE008888E0 /* MeasurePageView.swift in Sources */,
				552EC2B42FB1C5AE008888E0 /* FishStruct.swift in Sources */,
				552EC2B52FB1C5AE008888E0 /* ToastViewModel.swift in Sources */,
				552EC2B62FB1C5AE008888E0 /* DataRowView.swift in Sources */,
				552EC2B72FB1C5AE008888E0 /* FishItemViewModel.swift in Sources */,
				552EC2B82FB1C5AE008888E0 /* HomeView.swift in Sources */,
				552EC2B92FB1C5AE008888E0 /* RootView.swift in Sources */,
				552EC2BA2FB1C5AE008888E0 /* BoxView.swift in Sources */,
				55F100012FB2000000000000 /* ExibitionView.swift in Sources */,
				55F100022FB2000000000000 /* FishNode.swift in Sources */,
				552EC2BB2FB1C5AE008888E0 /* CameraView.swift in Sources */,
				552EC2BC2FB1C5AE008888E0 /* PlayerModel.swift in Sources */,
				552EC2BD2FB1C5AE008888E0 /* CameraViewController.swift in Sources */,
				552EC2BE2FB1C5AE008888E0 /* FishModel.swift in Sources */,
				552EC2BF2FB1C5AE008888E0 /* MeasureView.swift in Sources */,
				552EC2C02FB1C5AE008888E0 /* MeasureViewModel.swift in Sources */,
				552EC2C12FB1C5AE008888E0 /* FishViewModel.swift in Sources */,
				552EC2C22FB1C5AE008888E0 /* DataView.swift in Sources */,
				552EC2C32FB1C5AE008888E0 /* PlasticMeasureView.swift in Sources */,
				552EC2C42FB1C5AE008888E0 /* PlayerViewModel.swift in Sources */,
				55F200012FB3000000000000 /* BannerView.swift in Sources */,
				55F200022FB3000000000000 /* BannerViewModel.swift in Sources */,
				552EC2C52FB1C5AE008888E0 /* ContentView.swift in Sources */,
			);
			runOnlyForDeploymentPostprocessing = 0;
		};
		559B4E642F9F47D500895BD0 /* Sources */ = {
			isa = PBXSourcesBuildPhase;
			buildActionMask = 2147483647;
			files = (
			);
			runOnlyForDeploymentPostprocessing = 0;
		};
		559B4E6E2F9F47D500895BD0 /* Sources */ = {
			isa = PBXSourcesBuildPhase;
			buildActionMask = 2147483647;
			files = (
			);
			runOnlyForDeploymentPostprocessing = 0;
		};
/* End PBXSourcesBuildPhase section */

/* Begin PBXTargetDependency section */
		559B4E6A2F9F47D500895BD0 /* PBXTargetDependency */ = {
			isa = PBXTargetDependency;
			target = 559B4E5A2F9F47D300895BD0 /* Plastic */;
			targetProxy = 559B4E692F9F47D500895BD0 /* PBXContainerItemProxy */;
		};
		559B4E742F9F47D500895BD0 /* PBXTargetDependency */ = {
			isa = PBXTargetDependency;
			target = 559B4E5A2F9F47D300895BD0 /* Plastic */;
			targetProxy = 559B4E732F9F47D500895BD0 /* PBXContainerItemProxy */;
		};
/* End PBXTargetDependency section */

/* Begin XCBuildConfiguration section */
		559B4E7A2F9F47D500895BD0 /* Debug */ = {
			isa = XCBuildConfiguration;
			buildSettings = {
				ALWAYS_SEARCH_USER_PATHS = NO;
				ASSETCATALOG_COMPILER_GENERATE_SWIFT_ASSET_SYMBOL_EXTENSIONS = YES;
				CLANG_ANALYZER_NONNULL = YES;
				CLANG_ANALYZER_NUMBER_OBJECT_CONVERSION = YES_AGGRESSIVE;
				CLANG_CXX_LANGUAGE_STANDARD = "gnu++20";
				CLANG_ENABLE_MODULES = YES;
				CLANG_ENABLE_OBJC_ARC = YES;
				CLANG_ENABLE_OBJC_WEAK = YES;
				CLANG_WARN_BLOCK_CAPTURE_AUTORELEASING = YES;
				CLANG_WARN_BOOL_CONVERSION = YES;
				CLANG_WARN_COMMA = YES;
				CLANG_WARN_CONSTANT_CONVERSION = YES;
				CLANG_WARN_DEPRECATED_OBJC_IMPLEMENTATIONS = YES;
				CLANG_WARN_DIRECT_OBJC_ISA_USAGE = YES_ERROR;
				CLANG_WARN_DOCUMENTATION_COMMENTS = YES;
				CLANG_WARN_EMPTY_BODY = YES;
				CLANG_WARN_ENUM_CONVERSION = YES;
				CLANG_WARN_INFINITE_RECURSION = YES;
				CLANG_WARN_INT_CONVERSION = YES;
				CLANG_WARN_NON_LITERAL_NULL_CONVERSION = YES;
				CLANG_WARN_OBJC_IMPLICIT_RETAIN_SELF = YES;
				CLANG_WARN_OBJC_LITERAL_CONVERSION = YES;
				CLANG_WARN_OBJC_ROOT_CLASS = YES_ERROR;
				CLANG_WARN_QUOTED_INCLUDE_IN_FRAMEWORK_HEADER = YES;
				CLANG_WARN_RANGE_LOOP_ANALYSIS = YES;
				CLANG_WARN_STRICT_PROTOTYPES = YES;
				CLANG_WARN_SUSPICIOUS_MOVE = YES;
				CLANG_WARN_UNGUARDED_AVAILABILITY = YES_AGGRESSIVE;
				CLANG_WARN_UNREACHABLE_CODE = YES;
				CLANG_WARN__DUPLICATE_METHOD_MATCH = YES;
				COPY_PHASE_STRIP = NO;
				DEBUG_INFORMATION_FORMAT = dwarf;
				ENABLE_STRICT_OBJC_MSGSEND = YES;
				ENABLE_TESTABILITY = YES;
				ENABLE_USER_SCRIPT_SANDBOXING = YES;
				GCC_C_LANGUAGE_STANDARD = gnu17;
				GCC_DYNAMIC_NO_PIC = NO;
				GCC_NO_COMMON_BLOCKS = YES;
				GCC_OPTIMIZATION_LEVEL = 0;
				GCC_PREPROCESSOR_DEFINITIONS = (
					"DEBUG=1",
					"$(inherited)",
				);
				GCC_WARN_64_TO_32_BIT_CONVERSION = YES;
				GCC_WARN_ABOUT_RETURN_TYPE = YES_ERROR;
				GCC_WARN_UNDECLARED_SELECTOR = YES;
				GCC_WARN_UNINITIALIZED_AUTOS = YES_AGGRESSIVE;
				GCC_WARN_UNUSED_FUNCTION = YES;
				GCC_WARN_UNUSED_VARIABLE = YES;
				IPHONEOS_DEPLOYMENT_TARGET = 26.0;
				LOCALIZATION_PREFERS_STRING_CATALOGS = YES;
				MTL_ENABLE_DEBUG_INFO = INCLUDE_SOURCE;
				MTL_FAST_MATH = YES;
				ONLY_ACTIVE_ARCH = YES;
				SDKROOT = iphoneos;
				SWIFT_ACTIVE_COMPILATION_CONDITIONS = "DEBUG $(inherited)";
				SWIFT_OPTIMIZATION_LEVEL = "-Onone";
			};
			name = Debug;
		};
		559B4E7B2F9F47D500895BD0 /* Release */ = {
			isa = XCBuildConfiguration;
			buildSettings = {
				ALWAYS_SEARCH_USER_PATHS = NO;
				ASSETCATALOG_COMPILER_GENERATE_SWIFT_ASSET_SYMBOL_EXTENSIONS = YES;
				CLANG_ANALYZER_NONNULL = YES;
				CLANG_ANALYZER_NUMBER_OBJECT_CONVERSION = YES_AGGRESSIVE;
				CLANG_CXX_LANGUAGE_STANDARD = "gnu++20";
				CLANG_ENABLE_MODULES = YES;
				CLANG_ENABLE_OBJC_ARC = YES;
				CLANG_ENABLE_OBJC_WEAK = YES;
				CLANG_WARN_BLOCK_CAPTURE_AUTORELEASING = YES;
				CLANG_WARN_BOOL_CONVERSION = YES;
				CLANG_WARN_COMMA = YES;
				CLANG_WARN_CONSTANT_CONVERSION = YES;
				CLANG_WARN_DEPRECATED_OBJC_IMPLEMENTATIONS = YES;
				CLANG_WARN_DIRECT_OBJC_ISA_USAGE = YES_ERROR;
				CLANG_WARN_DOCUMENTATION_COMMENTS = YES;
				CLANG_WARN_EMPTY_BODY = YES;
				CLANG_WARN_ENUM_CONVERSION = YES;
				CLANG_WARN_INFINITE_RECURSION = YES;
				CLANG_WARN_INT_CONVERSION = YES;
				CLANG_WARN_NON_LITERAL_NULL_CONVERSION = YES;
				CLANG_WARN_OBJC_IMPLICIT_RETAIN_SELF = YES;
				CLANG_WARN_OBJC_LITERAL_CONVERSION = YES;
				CLANG_WARN_OBJC_ROOT_CLASS = YES_ERROR;
				CLANG_WARN_QUOTED_INCLUDE_IN_FRAMEWORK_HEADER = YES;
				CLANG_WARN_RANGE_LOOP_ANALYSIS = YES;
				CLANG_WARN_STRICT_PROTOTYPES = YES;
				CLANG_WARN_SUSPICIOUS_MOVE = YES;
				CLANG_WARN_UNGUARDED_AVAILABILITY = YES_AGGRESSIVE;
				CLANG_WARN_UNREACHABLE_CODE = YES;
				CLANG_WARN__DUPLICATE_METHOD_MATCH = YES;
				COPY_PHASE_STRIP = NO;
				DEBUG_INFORMATION_FORMAT = "dwarf-with-dsym";
				ENABLE_NS_ASSERTIONS = NO;
				ENABLE_STRICT_OBJC_MSGSEND = YES;
				ENABLE_USER_SCRIPT_SANDBOXING = YES;
				GCC_C_LANGUAGE_STANDARD = gnu17;
				GCC_NO_COMMON_BLOCKS = YES;
				GCC_WARN_64_TO_32_BIT_CONVERSION = YES;
				GCC_WARN_ABOUT_RETURN_TYPE = YES_ERROR;
				GCC_WARN_UNDECLARED_SELECTOR = YES;
				GCC_WARN_UNINITIALIZED_AUTOS = YES_AGGRESSIVE;
				GCC_WARN_UNUSED_FUNCTION = YES;
				GCC_WARN_UNUSED_VARIABLE = YES;
				IPHONEOS_DEPLOYMENT_TARGET = 26.0;
				LOCALIZATION_PREFERS_STRING_CATALOGS = YES;
				MTL_ENABLE_DEBUG_INFO = NO;
				MTL_FAST_MATH = YES;
				SDKROOT = iphoneos;
				SWIFT_COMPILATION_MODE = wholemodule;
				VALIDATE_PRODUCT = YES;
			};
			name = Release;
		};
		559B4E7D2F9F47D500895BD0 /* Debug */ = {
			isa = XCBuildConfiguration;
			buildSettings = {
				ASSETCATALOG_COMPILER_APPICON_NAME = AppIcon;
				ASSETCATALOG_COMPILER_GLOBAL_ACCENT_COLOR_NAME = AccentColor;
				CODE_SIGN_STYLE = Automatic;
				CURRENT_PROJECT_VERSION = 1;
				DEVELOPMENT_ASSET_PATHS = "PlasticTests View Plastic ViewModel Model";
				ENABLE_PREVIEWS = YES;
				GENERATE_INFOPLIST_FILE = YES;
				INFOPLIST_KEY_UIApplicationSceneManifest_Generation = YES;
				INFOPLIST_KEY_UIApplicationSupportsIndirectInputEvents = YES;
				INFOPLIST_KEY_UILaunchScreen_Generation = YES;
				INFOPLIST_KEY_UISupportedInterfaceOrientations_iPad = "UIInterfaceOrientationPortrait UIInterfaceOrientationPortraitUpsideDown UIInterfaceOrientationLandscapeLeft UIInterfaceOrientationLandscapeRight";
				INFOPLIST_KEY_UISupportedInterfaceOrientations_iPhone = "UIInterfaceOrientationPortrait UIInterfaceOrientationLandscapeLeft UIInterfaceOrientationLandscapeRight";
				LD_RUNPATH_SEARCH_PATHS = (
					"$(inherited)",
					"@executable_path/Frameworks",
				);
				MARKETING_VERSION = 1.0;
				PRODUCT_BUNDLE_IDENTIFIER = com.HiroakiIwashita.Plastic;
				PRODUCT_NAME = "$(TARGET_NAME)";
				STRING_CATALOG_GENERATE_SYMBOLS = YES;
				SWIFT_APPROACHABLE_CONCURRENCY = YES;
				SWIFT_DEFAULT_ACTOR_ISOLATION = MainActor;
				SWIFT_EMIT_LOC_STRINGS = YES;
				SWIFT_UPCOMING_FEATURE_MEMBER_IMPORT_VISIBILITY = YES;
				SWIFT_VERSION = 5.0;
				TARGETED_DEVICE_FAMILY = "1,2";
			};
			name = Debug;
		};
		559B4E7E2F9F47D500895BD0 /* Release */ = {
			isa = XCBuildConfiguration;
			buildSettings = {
				ASSETCATALOG_COMPILER_APPICON_NAME = AppIcon;
				ASSETCATALOG_COMPILER_GLOBAL_ACCENT_COLOR_NAME = AccentColor;
				CODE_SIGN_STYLE = Automatic;
				CURRENT_PROJECT_VERSION = 1;
				DEVELOPMENT_ASSET_PATHS = "PlasticTests View Plastic ViewModel Model";
				ENABLE_PREVIEWS = YES;
				GENERATE_INFOPLIST_FILE = YES;
				INFOPLIST_KEY_UIApplicationSceneManifest_Generation = YES;
				INFOPLIST_KEY_UIApplicationSupportsIndirectInputEvents = YES;
				INFOPLIST_KEY_UILaunchScreen_Generation = YES;
				INFOPLIST_KEY_UISupportedInterfaceOrientations_iPad = "UIInterfaceOrientationPortrait UIInterfaceOrientationPortraitUpsideDown UIInterfaceOrientationLandscapeLeft UIInterfaceOrientationLandscapeRight";
				INFOPLIST_KEY_UISupportedInterfaceOrientations_iPhone = "UIInterfaceOrientationPortrait UIInterfaceOrientationLandscapeLeft UIInterfaceOrientationLandscapeRight";
				LD_RUNPATH_SEARCH_PATHS = (
					"$(inherited)",
					"@executable_path/Frameworks",
				);
				MARKETING_VERSION = 1.0;
				PRODUCT_BUNDLE_IDENTIFIER = com.HiroakiIwashita.Plastic;
				PRODUCT_NAME = "$(TARGET_NAME)";
				STRING_CATALOG_GENERATE_SYMBOLS = YES;
				SWIFT_APPROACHABLE_CONCURRENCY = YES;
				SWIFT_DEFAULT_ACTOR_ISOLATION = MainActor;
				SWIFT_EMIT_LOC_STRINGS = YES;
				SWIFT_UPCOMING_FEATURE_MEMBER_IMPORT_VISIBILITY = YES;
				SWIFT_VERSION = 5.0;
				TARGETED_DEVICE_FAMILY = "1,2";
			};
			name = Release;
		};
		559B4E802F9F47D500895BD0 /* Debug */ = {
			isa = XCBuildConfiguration;
			buildSettings = {
				BUNDLE_LOADER = "$(TEST_HOST)";
				CODE_SIGN_STYLE = Automatic;
				CURRENT_PROJECT_VERSION = 1;
				GENERATE_INFOPLIST_FILE = YES;
				IPHONEOS_DEPLOYMENT_TARGET = 26.0;
				MARKETING_VERSION = 1.0;
				PRODUCT_BUNDLE_IDENTIFIER = com.HiroakiIwashita.PlasticTests;
				PRODUCT_NAME = "$(TARGET_NAME)";
				STRING_CATALOG_GENERATE_SYMBOLS = NO;
				SWIFT_APPROACHABLE_CONCURRENCY = YES;
				SWIFT_EMIT_LOC_STRINGS = NO;
				SWIFT_UPCOMING_FEATURE_MEMBER_IMPORT_VISIBILITY = YES;
				SWIFT_VERSION = 5.0;
				TARGETED_DEVICE_FAMILY = "1,2";
				TEST_HOST = "$(BUILT_PRODUCTS_DIR)/Plastic.app/$(BUNDLE_EXECUTABLE_FOLDER_PATH)/Plastic";
			};
			name = Debug;
		};
		559B4E812F9F47D500895BD0 /* Release */ = {
			isa = XCBuildConfiguration;
			buildSettings = {
				BUNDLE_LOADER = "$(TEST_HOST)";
				CODE_SIGN_STYLE = Automatic;
				CURRENT_PROJECT_VERSION = 1;
				GENERATE_INFOPLIST_FILE = YES;
				IPHONEOS_DEPLOYMENT_TARGET = 26.0;
				MARKETING_VERSION = 1.0;
				PRODUCT_BUNDLE_IDENTIFIER = com.HiroakiIwashita.PlasticTests;
				PRODUCT_NAME = "$(TARGET_NAME)";
				STRING_CATALOG_GENERATE_SYMBOLS = NO;
				SWIFT_APPROACHABLE_CONCURRENCY = YES;
				SWIFT_EMIT_LOC_STRINGS = NO;
				SWIFT_UPCOMING_FEATURE_MEMBER_IMPORT_VISIBILITY = YES;
				SWIFT_VERSION = 5.0;
				TARGETED_DEVICE_FAMILY = "1,2";
				TEST_HOST = "$(BUILT_PRODUCTS_DIR)/Plastic.app/$(BUNDLE_EXECUTABLE_FOLDER_PATH)/Plastic";
			};
			name = Release;
		};
		559B4E832F9F47D500895BD0 /* Debug */ = {
			isa = XCBuildConfiguration;
			buildSettings = {
				CODE_SIGN_STYLE = Automatic;
				CURRENT_PROJECT_VERSION = 1;
				GENERATE_INFOPLIST_FILE = YES;
				MARKETING_VERSION = 1.0;
				PRODUCT_BUNDLE_IDENTIFIER = com.HiroakiIwashita.PlasticUITests;
				PRODUCT_NAME = "$(TARGET_NAME)";
				STRING_CATALOG_GENERATE_SYMBOLS = NO;
				SWIFT_APPROACHABLE_CONCURRENCY = YES;
				SWIFT_EMIT_LOC_STRINGS = NO;
				SWIFT_UPCOMING_FEATURE_MEMBER_IMPORT_VISIBILITY = YES;
				SWIFT_VERSION = 5.0;
				TARGETED_DEVICE_FAMILY = "1,2";
				TEST_TARGET_NAME = Plastic;
			};
			name = Debug;
		};
		559B4E842F9F47D500895BD0 /* Release */ = {
			isa = XCBuildConfiguration;
			buildSettings = {
				CODE_SIGN_STYLE = Automatic;
				CURRENT_PROJECT_VERSION = 1;
				GENERATE_INFOPLIST_FILE = YES;
				MARKETING_VERSION = 1.0;
				PRODUCT_BUNDLE_IDENTIFIER = com.HiroakiIwashita.PlasticUITests;
				PRODUCT_NAME = "$(TARGET_NAME)";
				STRING_CATALOG_GENERATE_SYMBOLS = NO;
				SWIFT_APPROACHABLE_CONCURRENCY = YES;
				SWIFT_EMIT_LOC_STRINGS = NO;
				SWIFT_UPCOMING_FEATURE_MEMBER_IMPORT_VISIBILITY = YES;
				SWIFT_VERSION = 5.0;
				TARGETED_DEVICE_FAMILY = "1,2";
				TEST_TARGET_NAME = Plastic;
			};
			name = Release;
		};
/* End XCBuildConfiguration section */

/* Begin XCConfigurationList section */
		559B4E562F9F47D300895BD0 /* Build configuration list for PBXProject "Plastic" */ = {
			isa = XCConfigurationList;
			buildConfigurations = (
				559B4E7A2F9F47D500895BD0 /* Debug */,
				559B4E7B2F9F47D500895BD0 /* Release */,
			);
			defaultConfigurationIsVisible = 0;
			defaultConfigurationName = Release;
		};
		559B4E7C2F9F47D500895BD0 /* Build configuration list for PBXNativeTarget "Plastic" */ = {
			isa = XCConfigurationList;
			buildConfigurations = (
				559B4E7D2F9F47D500895BD0 /* Debug */,
				559B4E7E2F9F47D500895BD0 /* Release */,
			);
			defaultConfigurationIsVisible = 0;
			defaultConfigurationName = Release;
		};
		559B4E7F2F9F47D500895BD0 /* Build configuration list for PBXNativeTarget "PlasticTests" */ = {
			isa = XCConfigurationList;
			buildConfigurations = (
				559B4E802F9F47D500895BD0 /* Debug */,
				559B4E812F9F47D500895BD0 /* Release */,
			);
			defaultConfigurationIsVisible = 0;
			defaultConfigurationName = Release;
		};
		559B4E822F9F47D500895BD0 /* Build configuration list for PBXNativeTarget "PlasticUITests" */ = {
			isa = XCConfigurationList;
			buildConfigurations = (
				559B4E832F9F47D500895BD0 /* Debug */,
				559B4E842F9F47D500895BD0 /* Release */,
			);
			defaultConfigurationIsVisible = 0;
			defaultConfigurationName = Release;
		};
/* End XCConfigurationList section */
	};
	rootObject = 559B4E532F9F47D300895BD0 /* Project object */;
}
